
Microsoft Visual Studio Solution File, Format Version 12.00
# Visual Studio Version 17
VisualStudioVersion = 17.4.33213.308
MinimumVisualStudioVersion = 10.0.40219.1
Project("{FAE04EC0-301F-11D3-BF4B-00C04F79EFBC}") = "api-biblia", "api-biblia.csproj", "{621037AF-E75D-440F-A979-5269B6B60DF1}"
EndProject
Global
	GlobalSection(SolutionConfigurationPlatforms) = preSolution
		Debug|Any CPU = Debug|Any CPU
		Release|Any CPU = Release|Any CPU
	EndGlobalSection
	GlobalSection(ProjectConfigurationPlatforms) = postSolution
		{621037AF-E75D-440F-A979-5269B6B60DF1}.Debug|Any CPU.ActiveCfg = Debug|Any CPU
		{621037AF-E75D-440F-A979-5269B6B60DF1}.Debug|Any CPU.Build.0 = Debug|Any CPU
		{621037AF-E75D-440F-A979-5269B6B60DF1}.Release|Any CPU.ActiveCfg = Release|Any CPU
		{621037AF-E75D-440F-A979-5269B6B60DF1}.Release|Any CPU.Build.0 = Release|Any CPU
	EndGlobalSection
	GlobalSection(SolutionProperties) = preSolution
		HideSolutionNode = FALSE
	EndGlobalSection
	GlobalSection(ExtensibilityGlobals) = postSolution
		SolutionGuid = {C1E63C46-023D-44A5-8FB0-88D630B14FA0}
	EndGlobalSection
EndGlobal
